<?xml version="1.0" encoding="utf-8"?>
<Project ToolsVersion="4.0" xmlns="http://schemas.microsoft.com/developer/msbuild/2003">
  <ItemGroup>
    <Filter Include="src">
      <UniqueIdentifier>{dac6d3dc-81af-4a2f-a866-cde2ca5dd1b0}</UniqueIdentifier>
    </Filter>
    <Filter Include="include">
      <UniqueIdentifier>{02e50e36-23e0-4dd3-bbab-bb3f2e820300}</UniqueIdentifier>
    </Filter>
    <Filter Include="data">
      <UniqueIdentifier>{a991fdd6-4635-4a76-ac84-b17104515c8d}</UniqueIdentifier>
    </Filter>
  </ItemGroup>
  <ItemGroup>
    <ClCompile Include="src\Client.cpp">
      <Filter>src</Filter>
    </ClCompile>
    <ClCompile Include="src\Menu.cpp">
      <Filter>src</Filter>
    </ClCompile>
    <ClCompile Include="src\Utils.cpp">
      <Filter>src</Filter>
    </ClCompile>
    <ClCompile Include="src\Connection.cpp">
      <Filter>src</Filter>
    </ClCompile>
    <ClCompile Include="src\main.cpp">
      <Filter>src</Filter>
    </ClCompile>
  </ItemGroup>
  <ItemGroup>
    <ClInclude Include="include\Client.h">
      <Filter>include</Filter>
    </ClInclude>
    <ClInclude Include="include\Menu.h">
      <Filter>include</Filter>
    </ClInclude>
    <ClInclude Include="include\RequestCodes.h">
      <Filter>include</Filter>
    </ClInclude>
    <ClInclude Include="include\ResponseCodes.h">
      <Filter>include</Filter>
    </ClInclude>
    <ClInclude Include="include\Utils.h">
      <Filter>include</Filter>
    </ClInclude>
    <ClInclude Include="include\Connection.h">
      <Filter>include</Filter>
    </ClInclude>
  </ItemGroup>
  <ItemGroup>
    <Text Include="data\me.info.txt">
      <Filter>data</Filter>
    </Text>
    <Text Include="data\server.info.txt">
      <Filter>data</Filter>
    </Text>
  </ItemGroup>
</Project>